
Microsoft Visual Studio Solution File, Format Version 11.00
# Visual Studio 2010
# SharpDevelop 4.4
Project("{FAE04EC0-301F-11D3-BF4B-00C04F79EFBC}") = "Add Two Numbers", "Add Two Numbers\Add Two Numbers.csproj", "{725EF5EE-5DD9-4FF0-B4E7-226F8E907323}"
EndProject
Global
	GlobalSection(SolutionConfigurationPlatforms) = preSolution
		Debug|Any CPU = Debug|Any CPU
		Release|Any CPU = Release|Any CPU
	EndGlobalSection
	GlobalSection(ProjectConfigurationPlatforms) = postSolution
		{725EF5EE-5DD9-4FF0-B4E7-226F8E907323}.Debug|Any CPU.Build.0 = Debug|Any CPU
		{725EF5EE-5DD9-4FF0-B4E7-226F8E907323}.Debug|Any CPU.ActiveCfg = Debug|Any CPU
		{725EF5EE-5DD9-4FF0-B4E7-226F8E907323}.Release|Any CPU.Build.0 = Release|Any CPU
		{725EF5EE-5DD9-4FF0-B4E7-226F8E907323}.Release|Any CPU.ActiveCfg = Release|Any CPU
	EndGlobalSection
EndGlobal
