
Microsoft Visual Studio Solution File, Format Version 11.00
# Visual Studio 2010
# SharpDevelop 4.4
Project("{FAE04EC0-301F-11D3-BF4B-00C04F79EFBC}") = "Reverse Bits", "Reverse Bits\Reverse Bits.csproj", "{8D460437-7D59-474D-9853-B1AE640EB4DF}"
EndProject
Global
	GlobalSection(SolutionConfigurationPlatforms) = preSolution
		Debug|Any CPU = Debug|Any CPU
		Release|Any CPU = Release|Any CPU
	EndGlobalSection
	GlobalSection(ProjectConfigurationPlatforms) = postSolution
		{8D460437-7D59-474D-9853-B1AE640EB4DF}.Debug|Any CPU.Build.0 = Debug|Any CPU
		{8D460437-7D59-474D-9853-B1AE640EB4DF}.Debug|Any CPU.ActiveCfg = Debug|Any CPU
		{8D460437-7D59-474D-9853-B1AE640EB4DF}.Release|Any CPU.Build.0 = Release|Any CPU
		{8D460437-7D59-474D-9853-B1AE640EB4DF}.Release|Any CPU.ActiveCfg = Release|Any CPU
	EndGlobalSection
EndGlobal
