
Microsoft Visual Studio Solution File, Format Version 11.00
# Visual Studio 2010
# SharpDevelop 4.4
Project("{FAE04EC0-301F-11D3-BF4B-00C04F79EFBC}") = "Reverse String", "Reverse String\Reverse String.csproj", "{34D5F80A-B618-45B3-A0A4-EBB892F96FEB}"
EndProject
Global
	GlobalSection(SolutionConfigurationPlatforms) = preSolution
		Debug|Any CPU = Debug|Any CPU
		Release|Any CPU = Release|Any CPU
	EndGlobalSection
	GlobalSection(ProjectConfigurationPlatforms) = postSolution
		{34D5F80A-B618-45B3-A0A4-EBB892F96FEB}.Debug|Any CPU.Build.0 = Debug|Any CPU
		{34D5F80A-B618-45B3-A0A4-EBB892F96FEB}.Debug|Any CPU.ActiveCfg = Debug|Any CPU
		{34D5F80A-B618-45B3-A0A4-EBB892F96FEB}.Release|Any CPU.Build.0 = Release|Any CPU
		{34D5F80A-B618-45B3-A0A4-EBB892F96FEB}.Release|Any CPU.ActiveCfg = Release|Any CPU
	EndGlobalSection
EndGlobal
